
Microsoft Visual Studio Solution File, Format Version 12.00
Project("{FAE04EC0-301F-11D3-BF4B-00C04F79EFBC}") = "CitasApp", "CitasApp\CitasApp.csproj", "{318C9230-7857-435D-840D-85EBA8D1319A}"
EndProject
Global
	GlobalSection(SolutionConfigurationPlatforms) = preSolution
		Debug|Any CPU = Debug|Any CPU
		Release|Any CPU = Release|Any CPU
	EndGlobalSection
	GlobalSection(ProjectConfigurationPlatforms) = postSolution
		{318C9230-7857-435D-840D-85EBA8D1319A}.Debug|Any CPU.ActiveCfg = Debug|Any CPU
		{318C9230-7857-435D-840D-85EBA8D1319A}.Debug|Any CPU.Build.0 = Debug|Any CPU
		{318C9230-7857-435D-840D-85EBA8D1319A}.Release|Any CPU.ActiveCfg = Release|Any CPU
		{318C9230-7857-435D-840D-85EBA8D1319A}.Release|Any CPU.Build.0 = Release|Any CPU
	EndGlobalSection
EndGlobal
